
Microsoft Visual Studio Solution File, Format Version 12.00
# Visual Studio Version 17
VisualStudioVersion = 17.8.34408.163
MinimumVisualStudioVersion = 10.0.40219.1
Project("{FAE04EC0-301F-11D3-BF4B-00C04F79EFBC}") = "RandomPickerSharp", "RandomPickerSharp\RandomPickerSharp.csproj", "{31F6BA48-1C94-4A60-9CD6-4A8EAC597486}"
EndProject
Global
	GlobalSection(SolutionConfigurationPlatforms) = preSolution
		Debug|Any CPU = Debug|Any CPU
		Release|Any CPU = Release|Any CPU
	EndGlobalSection
	GlobalSection(ProjectConfigurationPlatforms) = postSolution
		{31F6BA48-1C94-4A60-9CD6-4A8EAC597486}.Debug|Any CPU.ActiveCfg = Debug|Any CPU
		{31F6BA48-1C94-4A60-9CD6-4A8EAC597486}.Debug|Any CPU.Build.0 = Debug|Any CPU
		{31F6BA48-1C94-4A60-9CD6-4A8EAC597486}.Release|Any CPU.ActiveCfg = Release|Any CPU
		{31F6BA48-1C94-4A60-9CD6-4A8EAC597486}.Release|Any CPU.Build.0 = Release|Any CPU
	EndGlobalSection
	GlobalSection(SolutionProperties) = preSolution
		HideSolutionNode = FALSE
	EndGlobalSection
	GlobalSection(ExtensibilityGlobals) = postSolution
		SolutionGuid = {BFA75E0A-02BB-4B78-9363-97ACF2FAB766}
	EndGlobalSection
EndGlobal
